
Microsoft Visual Studio Solution File, Format Version 12.00
# Visual Studio Version 17
VisualStudioVersion = 17.14.36518.9 d17.14
MinimumVisualStudioVersion = 10.0.40219.1
Project("{F184B08F-C81C-45F6-A57F-5ABD9991F28F}") = "BBDDGuardarDataGridView", "BBDDGuardarDataGridView.vbproj", "{A3E3C9A5-B8F5-478B-98C9-68285952B647}"
EndProject
Global
	GlobalSection(SolutionConfigurationPlatforms) = preSolution
		Debug|Any CPU = Debug|Any CPU
		Release|Any CPU = Release|Any CPU
	EndGlobalSection
	GlobalSection(ProjectConfigurationPlatforms) = postSolution
		{A3E3C9A5-B8F5-478B-98C9-68285952B647}.Debug|Any CPU.ActiveCfg = Debug|Any CPU
		{A3E3C9A5-B8F5-478B-98C9-68285952B647}.Debug|Any CPU.Build.0 = Debug|Any CPU
		{A3E3C9A5-B8F5-478B-98C9-68285952B647}.Release|Any CPU.ActiveCfg = Release|Any CPU
		{A3E3C9A5-B8F5-478B-98C9-68285952B647}.Release|Any CPU.Build.0 = Release|Any CPU
	EndGlobalSection
	GlobalSection(SolutionProperties) = preSolution
		HideSolutionNode = FALSE
	EndGlobalSection
	GlobalSection(ExtensibilityGlobals) = postSolution
		SolutionGuid = {ACBEE705-DC21-4FFE-A64C-590DD52D434F}
	EndGlobalSection
EndGlobal
