
Microsoft Visual Studio Solution File, Format Version 12.00
# Visual Studio Version 17
VisualStudioVersion = 17.14.36518.9 d17.14
MinimumVisualStudioVersion = 10.0.40219.1
Project("{F184B08F-C81C-45F6-A57F-5ABD9991F28F}") = "Eventos Button", "Eventos Button.vbproj", "{5D5357BA-C007-4D42-B4F4-C1C4D12F09BE}"
EndProject
Global
	GlobalSection(SolutionConfigurationPlatforms) = preSolution
		Debug|Any CPU = Debug|Any CPU
		Release|Any CPU = Release|Any CPU
	EndGlobalSection
	GlobalSection(ProjectConfigurationPlatforms) = postSolution
		{5D5357BA-C007-4D42-B4F4-C1C4D12F09BE}.Debug|Any CPU.ActiveCfg = Debug|Any CPU
		{5D5357BA-C007-4D42-B4F4-C1C4D12F09BE}.Debug|Any CPU.Build.0 = Debug|Any CPU
		{5D5357BA-C007-4D42-B4F4-C1C4D12F09BE}.Release|Any CPU.ActiveCfg = Release|Any CPU
		{5D5357BA-C007-4D42-B4F4-C1C4D12F09BE}.Release|Any CPU.Build.0 = Release|Any CPU
	EndGlobalSection
	GlobalSection(SolutionProperties) = preSolution
		HideSolutionNode = FALSE
	EndGlobalSection
	GlobalSection(ExtensibilityGlobals) = postSolution
		SolutionGuid = {45182C21-6FCF-43D5-BB0B-94D96C00DCEE}
	EndGlobalSection
EndGlobal
